
Microsoft Visual Studio Solution File, Format Version 12.00
Project("{FAE04EC0-301F-11D3-BF4B-00C04F79EFBC}") = "Api", "Api\Api.csproj", "{41BDC785-3786-4966-93BB-42182E38FBD6}"
EndProject
Project("{FAE04EC0-301F-11D3-BF4B-00C04F79EFBC}") = "Logic", "Logic\Logic.csproj", "{18189ADC-E628-4520-88D8-CAB28665D1C9}"
EndProject
Project("{FAE04EC0-301F-11D3-BF4B-00C04F79EFBC}") = "Dal", "Dal\Dal.csproj", "{84262483-08B6-4F98-9210-16370AA9F7A0}"
EndProject
Global
	GlobalSection(SolutionConfigurationPlatforms) = preSolution
		Debug|Any CPU = Debug|Any CPU
		Debug|x64 = Debug|x64
		Debug|x86 = Debug|x86
		Release|Any CPU = Release|Any CPU
		Release|x64 = Release|x64
		Release|x86 = Release|x86
	EndGlobalSection
	GlobalSection(ProjectConfigurationPlatforms) = postSolution
		{41BDC785-3786-4966-93BB-42182E38FBD6}.Debug|Any CPU.ActiveCfg = Debug|Any CPU
		{41BDC785-3786-4966-93BB-42182E38FBD6}.Debug|Any CPU.Build.0 = Debug|Any CPU
		{41BDC785-3786-4966-93BB-42182E38FBD6}.Debug|x64.ActiveCfg = Debug|Any CPU
		{41BDC785-3786-4966-93BB-42182E38FBD6}.Debug|x64.Build.0 = Debug|Any CPU
		{41BDC785-3786-4966-93BB-42182E38FBD6}.Debug|x86.ActiveCfg = Debug|Any CPU
		{41BDC785-3786-4966-93BB-42182E38FBD6}.Debug|x86.Build.0 = Debug|Any CPU
		{41BDC785-3786-4966-93BB-42182E38FBD6}.Release|Any CPU.ActiveCfg = Release|Any CPU
		{41BDC785-3786-4966-93BB-42182E38FBD6}.Release|Any CPU.Build.0 = Release|Any CPU
		{41BDC785-3786-4966-93BB-42182E38FBD6}.Release|x64.ActiveCfg = Release|Any CPU
		{41BDC785-3786-4966-93BB-42182E38FBD6}.Release|x64.Build.0 = Release|Any CPU
		{41BDC785-3786-4966-93BB-42182E38FBD6}.Release|x86.ActiveCfg = Release|Any CPU
		{41BDC785-3786-4966-93BB-42182E38FBD6}.Release|x86.Build.0 = Release|Any CPU
		{18189ADC-E628-4520-88D8-CAB28665D1C9}.Debug|Any CPU.ActiveCfg = Debug|Any CPU
		{18189ADC-E628-4520-88D8-CAB28665D1C9}.Debug|Any CPU.Build.0 = Debug|Any CPU
		{18189ADC-E628-4520-88D8-CAB28665D1C9}.Debug|x64.ActiveCfg = Debug|Any CPU
		{18189ADC-E628-4520-88D8-CAB28665D1C9}.Debug|x64.Build.0 = Debug|Any CPU
		{18189ADC-E628-4520-88D8-CAB28665D1C9}.Debug|x86.ActiveCfg = Debug|Any CPU
		{18189ADC-E628-4520-88D8-CAB28665D1C9}.Debug|x86.Build.0 = Debug|Any CPU
		{18189ADC-E628-4520-88D8-CAB28665D1C9}.Release|Any CPU.ActiveCfg = Release|Any CPU
		{18189ADC-E628-4520-88D8-CAB28665D1C9}.Release|Any CPU.Build.0 = Release|Any CPU
		{18189ADC-E628-4520-88D8-CAB28665D1C9}.Release|x64.ActiveCfg = Release|Any CPU
		{18189ADC-E628-4520-88D8-CAB28665D1C9}.Release|x64.Build.0 = Release|Any CPU
		{18189ADC-E628-4520-88D8-CAB28665D1C9}.Release|x86.ActiveCfg = Release|Any CPU
		{18189ADC-E628-4520-88D8-CAB28665D1C9}.Release|x86.Build.0 = Release|Any CPU
		{84262483-08B6-4F98-9210-16370AA9F7A0}.Debug|Any CPU.ActiveCfg = Debug|Any CPU
		{84262483-08B6-4F98-9210-16370AA9F7A0}.Debug|Any CPU.Build.0 = Debug|Any CPU
		{84262483-08B6-4F98-9210-16370AA9F7A0}.Debug|x64.ActiveCfg = Debug|Any CPU
		{84262483-08B6-4F98-9210-16370AA9F7A0}.Debug|x64.Build.0 = Debug|Any CPU
		{84262483-08B6-4F98-9210-16370AA9F7A0}.Debug|x86.ActiveCfg = Debug|Any CPU
		{84262483-08B6-4F98-9210-16370AA9F7A0}.Debug|x86.Build.0 = Debug|Any CPU
		{84262483-08B6-4F98-9210-16370AA9F7A0}.Release|Any CPU.ActiveCfg = Release|Any CPU
		{84262483-08B6-4F98-9210-16370AA9F7A0}.Release|Any CPU.Build.0 = Release|Any CPU
		{84262483-08B6-4F98-9210-16370AA9F7A0}.Release|x64.ActiveCfg = Release|Any CPU
		{84262483-08B6-4F98-9210-16370AA9F7A0}.Release|x64.Build.0 = Release|Any CPU
		{84262483-08B6-4F98-9210-16370AA9F7A0}.Release|x86.ActiveCfg = Release|Any CPU
		{84262483-08B6-4F98-9210-16370AA9F7A0}.Release|x86.Build.0 = Release|Any CPU
	EndGlobalSection
	GlobalSection(SolutionProperties) = preSolution
		HideSolutionNode = FALSE
	EndGlobalSection
EndGlobal
